
Microsoft Visual Studio Solution File, Format Version 12.00
# Visual Studio Version 17
VisualStudioVersion = 17.9.34723.18
MinimumVisualStudioVersion = 10.0.40219.1
Project("{FAE04EC0-301F-11D3-BF4B-00C04F79EFBC}") = "FiltrarDatos", "FiltrarDatos\FiltrarDatos.csproj", "{8BEFE459-C9C6-4F49-89BA-CDA42264AADF}"
EndProject
Global
	GlobalSection(SolutionConfigurationPlatforms) = preSolution
		Debug|Any CPU = Debug|Any CPU
		Release|Any CPU = Release|Any CPU
	EndGlobalSection
	GlobalSection(ProjectConfigurationPlatforms) = postSolution
		{8BEFE459-C9C6-4F49-89BA-CDA42264AADF}.Debug|Any CPU.ActiveCfg = Debug|Any CPU
		{8BEFE459-C9C6-4F49-89BA-CDA42264AADF}.Debug|Any CPU.Build.0 = Debug|Any CPU
		{8BEFE459-C9C6-4F49-89BA-CDA42264AADF}.Release|Any CPU.ActiveCfg = Release|Any CPU
		{8BEFE459-C9C6-4F49-89BA-CDA42264AADF}.Release|Any CPU.Build.0 = Release|Any CPU
	EndGlobalSection
	GlobalSection(SolutionProperties) = preSolution
		HideSolutionNode = FALSE
	EndGlobalSection
	GlobalSection(ExtensibilityGlobals) = postSolution
		SolutionGuid = {3A727853-EB2B-4EBF-B7FB-5A96B3138148}
	EndGlobalSection
EndGlobal
